
Microsoft Visual Studio Solution File, Format Version 12.00
# Visual Studio 15
VisualStudioVersion = 15.0.28307.438
MinimumVisualStudioVersion = 10.0.40219.1
Project("{FAE04EC0-301F-11D3-BF4B-00C04F79EFBC}") = "ChessClub", "ChessClub\ChessClub.csproj", "{FB87DCEB-84C6-4F39-B7DC-4D94B9533D8A}"
EndProject
Global
	GlobalSection(SolutionConfigurationPlatforms) = preSolution
		Debug|Any CPU = Debug|Any CPU
		Release|Any CPU = Release|Any CPU
	EndGlobalSection
	GlobalSection(ProjectConfigurationPlatforms) = postSolution
		{FB87DCEB-84C6-4F39-B7DC-4D94B9533D8A}.Debug|Any CPU.ActiveCfg = Debug|Any CPU
		{FB87DCEB-84C6-4F39-B7DC-4D94B9533D8A}.Debug|Any CPU.Build.0 = Debug|Any CPU
		{FB87DCEB-84C6-4F39-B7DC-4D94B9533D8A}.Release|Any CPU.ActiveCfg = Release|Any CPU
		{FB87DCEB-84C6-4F39-B7DC-4D94B9533D8A}.Release|Any CPU.Build.0 = Release|Any CPU
	EndGlobalSection
	GlobalSection(SolutionProperties) = preSolution
		HideSolutionNode = FALSE
	EndGlobalSection
	GlobalSection(ExtensibilityGlobals) = postSolution
		SolutionGuid = {39C390ED-485D-4CF0-8661-2A825022E3E8}
	EndGlobalSection
EndGlobal
